<?xml version="1.0" encoding="utf-8"?>
<Project ToolsVersion="4.0" xmlns="http://schemas.microsoft.com/developer/msbuild/2003">
  <ItemGroup>
    <Filter Include="Source Files">
      <UniqueIdentifier>{4FC737F1-C7A5-4376-A066-2A32D752A2FF}</UniqueIdentifier>
      <Extensions>cpp;c;cc;cxx;def;odl;idl;hpj;bat;asm;asmx</Extensions>
    </Filter>
    <Filter Include="Header Files">
      <UniqueIdentifier>{93995380-89BD-4b04-88EB-625FBE52EBFB}</UniqueIdentifier>
      <Extensions>h;hh;hpp;hxx;hm;inl;inc;xsd</Extensions>
    </Filter>
    <Filter Include="Header Files\base">
      <UniqueIdentifier>{cef5237d-b192-4e34-b6a2-cba05ac19630}</UniqueIdentifier>
    </Filter>
    <Filter Include="Header Files\framework">
      <UniqueIdentifier>{74a8ed56-da31-4987-ba31-8776b5b504f5}</UniqueIdentifier>
    </Filter>
    <Filter Include="Source Files\base">
      <UniqueIdentifier>{60d7c880-5cdb-4dd7-b835-b29fb887d538}</UniqueIdentifier>
    </Filter>
    <Filter Include="Source Files\framework">
      <UniqueIdentifier>{010c2b1e-4396-4be0-9f5f-615b19b49ecf}</UniqueIdentifier>
    </Filter>
    <Filter Include="Header Files\base\gl">
      <UniqueIdentifier>{44266d8e-2f23-4c04-80b3-dcb3bbb45ce9}</UniqueIdentifier>
    </Filter>
    <Filter Include="Source Files\base\gl">
      <UniqueIdentifier>{42bbfe67-5bcb-419e-8039-0b703f65696f}</UniqueIdentifier>
    </Filter>
    <Filter Include="Header Files\tests">
      <UniqueIdentifier>{24d130d5-1b86-4dbf-a2f1-318eabb9c987}</UniqueIdentifier>
    </Filter>
    <Filter Include="Header Files\tests\common">
      <UniqueIdentifier>{1ad6fad7-ee21-4e86-a4d5-f034639a7bde}</UniqueIdentifier>
    </Filter>
    <Filter Include="Source Files\tests">
      <UniqueIdentifier>{422ea7bd-5629-4a97-819a-80d9150f39a6}</UniqueIdentifier>
    </Filter>
    <Filter Include="Source Files\tests\common">
      <UniqueIdentifier>{ca4621b9-d3aa-4b66-9b75-93ea7d35f014}</UniqueIdentifier>
    </Filter>
    <Filter Include="Header Files\tests\test1">
      <UniqueIdentifier>{b376176a-3914-46ee-940d-80a42686c1d5}</UniqueIdentifier>
    </Filter>
    <Filter Include="Source Files\tests\test1">
      <UniqueIdentifier>{537470f5-5a89-4f3e-8224-f51c678c4a73}</UniqueIdentifier>
    </Filter>
    <Filter Include="Header Files\tests\test1\gl">
      <UniqueIdentifier>{dcf9e37d-f189-44ef-a413-8442a5f33a3a}</UniqueIdentifier>
    </Filter>
    <Filter Include="Header Files\tests\test1\vk">
      <UniqueIdentifier>{30588002-5e6d-46f8-b7ae-6b7f1c6a8703}</UniqueIdentifier>
    </Filter>
    <Filter Include="Source Files\tests\test1\gl">
      <UniqueIdentifier>{f7038916-1710-4e99-8888-86a0448161d1}</UniqueIdentifier>
    </Filter>
    <Filter Include="Source Files\tests\test1\vk">
      <UniqueIdentifier>{f19cec59-9298-4024-8976-a408b6faa143}</UniqueIdentifier>
    </Filter>
    <Filter Include="Source Files\base\vkx">
      <UniqueIdentifier>{c684efc7-5736-462a-9ece-7339b59e2c37}</UniqueIdentifier>
    </Filter>
    <Filter Include="Header Files\base\vkx">
      <UniqueIdentifier>{b51f1e3e-e98e-4ef5-8a03-82fea3a0987c}</UniqueIdentifier>
    </Filter>
  </ItemGroup>
  <ItemGroup>
    <None Include="..\..\..\README.md" />
    <None Include="..\..\..\LICENSE" />
  </ItemGroup>
  <ItemGroup>
    <ClCompile Include="..\..\..\src\main.cpp">
      <Filter>Source Files</Filter>
    </ClCompile>
    <ClCompile Include="..\..\..\src\base\gl\Buffer.cpp">
      <Filter>Source Files\base\gl</Filter>
    </ClCompile>
    <ClCompile Include="..\..\..\src\base\gl\Program.cpp">
      <Filter>Source Files\base\gl</Filter>
    </ClCompile>
    <ClCompile Include="..\..\..\src\base\gl\Shader.cpp">
      <Filter>Source Files\base\gl</Filter>
    </ClCompile>
    <ClCompile Include="..\..\..\src\base\gl\Uniform.cpp">
      <Filter>Source Files\base\gl</Filter>
    </ClCompile>
    <ClCompile Include="..\..\..\src\base\gl\VertexArray.cpp">
      <Filter>Source Files\base\gl</Filter>
    </ClCompile>
    <ClCompile Include="..\..\..\src\base\gl\VertexAttrib.cpp">
      <Filter>Source Files\base\gl</Filter>
    </ClCompile>
    <ClCompile Include="..\..\..\src\base\gl\VertexBuffer.cpp">
      <Filter>Source Files\base\gl</Filter>
    </ClCompile>
    <ClCompile Include="..\..\..\src\base\gl\Window.cpp">
      <Filter>Source Files\base\gl</Filter>
    </ClCompile>
    <ClCompile Include="..\..\..\src\base\Clock.cpp">
      <Filter>Source Files\base</Filter>
    </ClCompile>
    <ClCompile Include="..\..\..\src\base\File.cpp">
      <Filter>Source Files\base</Filter>
    </ClCompile>
    <ClCompile Include="..\..\..\src\base\String.cpp">
      <Filter>Source Files\base</Filter>
    </ClCompile>
    <ClCompile Include="..\..\..\src\base\ArgumentParser.cpp">
      <Filter>Source Files\base</Filter>
    </ClCompile>
    <ClCompile Include="..\..\..\src\framework\TestRunner.cpp">
      <Filter>Source Files\framework</Filter>
    </ClCompile>
    <ClCompile Include="..\..\..\src\tests\test1\gl\SimpleBallsSceneTest.cpp">
      <Filter>Source Files\tests\test1\gl</Filter>
    </ClCompile>
    <ClCompile Include="..\..\..\src\tests\test1\vk\SimpleBallsSceneTest.cpp">
      <Filter>Source Files\tests\test1\vk</Filter>
    </ClCompile>
    <ClCompile Include="..\..\..\src\framework\VKTest.cpp">
      <Filter>Source Files\framework</Filter>
    </ClCompile>
    <ClCompile Include="..\..\..\src\framework\GLTest.cpp">
      <Filter>Source Files\framework</Filter>
    </ClCompile>
    <ClCompile Include="..\..\..\src\base\vkx\Application.cpp">
      <Filter>Source Files\base\vkx</Filter>
    </ClCompile>
    <ClCompile Include="..\..\..\src\base\vkx\DeviceInfo.cpp">
      <Filter>Source Files\base\vkx</Filter>
    </ClCompile>
    <ClCompile Include="..\..\..\src\base\vkx\QueueManager.cpp">
      <Filter>Source Files\base\vkx</Filter>
    </ClCompile>
    <ClCompile Include="..\..\..\src\base\vkx\Window.cpp">
      <Filter>Source Files\base\vkx</Filter>
    </ClCompile>
    <ClCompile Include="..\..\..\src\base\ContainerUtils.cpp">
      <Filter>Source Files\base</Filter>
    </ClCompile>
    <ClCompile Include="..\..\..\src\base\vkx\ShaderModule.cpp">
      <Filter>Source Files\base\vkx</Filter>
    </ClCompile>
    <ClCompile Include="..\..\..\src\tests\common\SphereVerticesGenerator.cpp">
      <Filter>Source Files\tests\common</Filter>
    </ClCompile>
    <ClCompile Include="..\..\..\src\base\Random.cpp">
      <Filter>Source Files\base</Filter>
    </ClCompile>
    <ClCompile Include="..\..\..\src\base\vkx\MemoryManager.cpp">
      <Filter>Source Files\base\vkx</Filter>
    </ClCompile>
    <ClCompile Include="..\..\..\src\tests\test1\vk\MultithreadedBallsSceneTest.cpp">
      <Filter>Source Files\tests\test1\vk</Filter>
    </ClCompile>
    <ClCompile Include="..\..\..\src\base\ScopedTimer.cpp">
      <Filter>Source Files\base</Filter>
    </ClCompile>
    <ClCompile Include="..\..\..\src\tests\test1\BaseBallsSceneTest.cpp">
      <Filter>Source Files\tests\test1</Filter>
    </ClCompile>
    <ClCompile Include="..\..\..\src\tests\test1\gl\MultithreadedBallsSceneTest.cpp">
      <Filter>Source Files\tests\test1\gl</Filter>
    </ClCompile>
  </ItemGroup>
  <ItemGroup>
    <ClInclude Include="..\..\..\include\base\gl\Buffer.h">
      <Filter>Header Files\base\gl</Filter>
    </ClInclude>
    <ClInclude Include="..\..\..\include\base\gl\Program.h">
      <Filter>Header Files\base\gl</Filter>
    </ClInclude>
    <ClInclude Include="..\..\..\include\base\gl\Shader.h">
      <Filter>Header Files\base\gl</Filter>
    </ClInclude>
    <ClInclude Include="..\..\..\include\base\gl\Uniform.h">
      <Filter>Header Files\base\gl</Filter>
    </ClInclude>
    <ClInclude Include="..\..\..\include\base\gl\VertexArray.h">
      <Filter>Header Files\base\gl</Filter>
    </ClInclude>
    <ClInclude Include="..\..\..\include\base\gl\VertexAttrib.h">
      <Filter>Header Files\base\gl</Filter>
    </ClInclude>
    <ClInclude Include="..\..\..\include\base\gl\VertexBuffer.h">
      <Filter>Header Files\base\gl</Filter>
    </ClInclude>
    <ClInclude Include="..\..\..\include\base\gl\Window.h">
      <Filter>Header Files\base\gl</Filter>
    </ClInclude>
    <ClInclude Include="..\..\..\include\base\Clock.h">
      <Filter>Header Files\base</Filter>
    </ClInclude>
    <ClInclude Include="..\..\..\include\base\File.h">
      <Filter>Header Files\base</Filter>
    </ClInclude>
    <ClInclude Include="..\..\..\include\base\String.h">
      <Filter>Header Files\base</Filter>
    </ClInclude>
    <ClInclude Include="..\..\..\include\base\ArgumentParser.h">
      <Filter>Header Files\base</Filter>
    </ClInclude>
    <ClInclude Include="..\..\..\include\framework\TestRunner.h">
      <Filter>Header Files\framework</Filter>
    </ClInclude>
    <ClInclude Include="..\..\..\include\framework\GLTest.h">
      <Filter>Header Files\framework</Filter>
    </ClInclude>
    <ClInclude Include="..\..\..\include\framework\TestInterface.h">
      <Filter>Header Files\framework</Filter>
    </ClInclude>
    <ClInclude Include="..\..\..\include\tests\test1\vk\SimpleBallsSceneTest.h">
      <Filter>Header Files\tests\test1\vk</Filter>
    </ClInclude>
    <ClInclude Include="..\..\..\include\tests\test1\gl\SimpleBallsSceneTest.h">
      <Filter>Header Files\tests\test1\gl</Filter>
    </ClInclude>
    <ClInclude Include="..\..\..\include\framework\VKTest.h">
      <Filter>Header Files\framework</Filter>
    </ClInclude>
    <ClInclude Include="..\..\..\include\tests\common\Ball.h">
      <Filter>Header Files\tests\common</Filter>
    </ClInclude>
    <ClInclude Include="..\..\..\include\base\Random.h">
      <Filter>Header Files\base</Filter>
    </ClInclude>
    <ClInclude Include="..\..\..\include\base\vkx\Application.h">
      <Filter>Header Files\base\vkx</Filter>
    </ClInclude>
    <ClInclude Include="..\..\..\include\base\vkx\DeviceInfo.h">
      <Filter>Header Files\base\vkx</Filter>
    </ClInclude>
    <ClInclude Include="..\..\..\include\base\vkx\QueueManager.h">
      <Filter>Header Files\base\vkx</Filter>
    </ClInclude>
    <ClInclude Include="..\..\..\include\base\vkx\Window.h">
      <Filter>Header Files\base\vkx</Filter>
    </ClInclude>
    <ClInclude Include="..\..\..\include\base\ContainerUtils.h">
      <Filter>Header Files\base</Filter>
    </ClInclude>
    <ClInclude Include="..\..\..\include\base\vkx\ShaderModule.h">
      <Filter>Header Files\base\vkx</Filter>
    </ClInclude>
    <ClInclude Include="..\..\..\include\tests\common\SphereVerticesGenerator.h">
      <Filter>Header Files\tests\common</Filter>
    </ClInclude>
    <ClInclude Include="..\..\..\include\base\vkx\MemoryManager.h">
      <Filter>Header Files\base\vkx</Filter>
    </ClInclude>
    <ClInclude Include="..\..\..\include\tests\test1\vk\MultithreadedBallsSceneTest.h">
      <Filter>Header Files\tests\test1\vk</Filter>
    </ClInclude>
    <ClInclude Include="..\..\..\include\base\ScopedTimer.h">
      <Filter>Header Files\base</Filter>
    </ClInclude>
    <ClInclude Include="..\..\..\include\tests\test1\BaseBallsSceneTest.h">
      <Filter>Header Files\tests\test1</Filter>
    </ClInclude>
    <ClInclude Include="..\..\..\include\tests\test1\gl\MultithreadedBallsSceneTest.h">
      <Filter>Header Files\tests\test1\gl</Filter>
    </ClInclude>
    <ClInclude Include="..\..\..\include\tests\test1\BallsSceneTests.h">
      <Filter>Header Files\tests\test1</Filter>
    </ClInclude>
  </ItemGroup>
</Project>